
Microsoft Visual Studio Solution File, Format Version 12.00
# Visual Studio 15
VisualStudioVersion = 15.0.28010.2036
MinimumVisualStudioVersion = 10.0.40219.1
Project("{FAE04EC0-301F-11D3-BF4B-00C04F79EFBC}") = "project-gn", "project-gn\project-gn.csproj", "{0B84E7AD-7DC1-44B0-8751-4E9A807CD303}"
EndProject
Project("{FAE04EC0-301F-11D3-BF4B-00C04F79EFBC}") = "project-gn.Tests", "project-gn.Tests\project-gn.Tests.csproj", "{052DFE4C-E8ED-4B7D-9EAC-5E6E2696506F}"
EndProject
Global
	GlobalSection(SolutionConfigurationPlatforms) = preSolution
		Debug|Any CPU = Debug|Any CPU
		Release|Any CPU = Release|Any CPU
	EndGlobalSection
	GlobalSection(ProjectConfigurationPlatforms) = postSolution
		{0B84E7AD-7DC1-44B0-8751-4E9A807CD303}.Debug|Any CPU.ActiveCfg = Debug|Any CPU
		{0B84E7AD-7DC1-44B0-8751-4E9A807CD303}.Debug|Any CPU.Build.0 = Debug|Any CPU
		{0B84E7AD-7DC1-44B0-8751-4E9A807CD303}.Release|Any CPU.ActiveCfg = Release|Any CPU
		{0B84E7AD-7DC1-44B0-8751-4E9A807CD303}.Release|Any CPU.Build.0 = Release|Any CPU
		{052DFE4C-E8ED-4B7D-9EAC-5E6E2696506F}.Debug|Any CPU.ActiveCfg = Debug|Any CPU
		{052DFE4C-E8ED-4B7D-9EAC-5E6E2696506F}.Debug|Any CPU.Build.0 = Debug|Any CPU
		{052DFE4C-E8ED-4B7D-9EAC-5E6E2696506F}.Release|Any CPU.ActiveCfg = Release|Any CPU
		{052DFE4C-E8ED-4B7D-9EAC-5E6E2696506F}.Release|Any CPU.Build.0 = Release|Any CPU
	EndGlobalSection
	GlobalSection(SolutionProperties) = preSolution
		HideSolutionNode = FALSE
	EndGlobalSection
	GlobalSection(ExtensibilityGlobals) = postSolution
		SolutionGuid = {37789A18-3747-458F-8456-C493EA64FE90}
	EndGlobalSection
EndGlobal
